schema: '2.0'
stages:
  data_preparation:
    cmd: python src/stage_01_prepare_data.py
    deps:
    - path: data/data.xml
      hash: md5
      md5: a304afb96060aad90176268345e10355
      size: 37891850
    - path: src/stage_01_prepare_data.py
      hash: md5
      md5: 212465522ee4d94aff5bfd2467bf3013
      size: 2233
    - path: src/utils
      hash: md5
      md5: 17c8da17bc53cc314db86414cd793f8e.dir
      size: 5716
      nfiles: 6
    outs:
    - path: artifacts/prepared
      hash: md5
      md5: dc639257fd7e43c167de7349d66763c4.dir
      size: 23861349
      nfiles: 2
  featurization:
    cmd: python src/stage_02_featurization.py
    deps:
    - path: artifacts/prepared
      hash: md5
      md5: dc639257fd7e43c167de7349d66763c4.dir
      size: 23861349
      nfiles: 2
    - path: src/stage_02_featurization.py
      hash: md5
      md5: 2ad697966abe6a11f8d134df6b994499
      size: 3332
    - path: src/utils
      hash: md5
      md5: 17c8da17bc53cc314db86414cd793f8e.dir
      size: 5716
      nfiles: 6
    outs:
    - path: artifacts/features
      hash: md5
      md5: 0d4787b55cecae4c02aa9a153081deb7.dir
      size: 13416840
      nfiles: 2
  train:
    cmd: python src/stage_03_train.py
    deps:
    - path: artifacts/features/train.pkl
      hash: md5
      md5: 7e4bc42198c4882110108a8003eea3d3
      size: 9347596
    - path: src/stage_03_train.py
      hash: md5
      md5: f06f46331d228853fc19d545d7dc6667
      size: 2498
    - path: src/utils
      hash: md5
      md5: 17c8da17bc53cc314db86414cd793f8e.dir
      size: 5716
      nfiles: 6
    outs:
    - path: artifacts/model/model.pkl
      hash: md5
      md5: a4c004ac56938f1fe7d7a10479ae9a1e
      size: 3538585
  evaluate:
    cmd: python src/stage_04_evaluate.py
    deps:
    - path: artifacts/features/test.pkl
      hash: md5
      md5: 3cc1c4cb400dd50eee1b2aecbb80e75c
      size: 4069244
    - path: artifacts/model/model.pkl
      hash: md5
      md5: a4c004ac56938f1fe7d7a10479ae9a1e
      size: 3538585
    - path: src/stage_04_evaluate.py
      hash: md5
      md5: d414559f826d2f75d6e4f7a1bb48c1bf
      size: 3116
    - path: src/utils
      hash: md5
      md5: 17c8da17bc53cc314db86414cd793f8e.dir
      size: 5716
      nfiles: 6
    outs:
    - path: prc.json
      hash: md5
      md5: d4052fa75e14ccd8ea27cf644d39364c
      size: 142015
    - path: roc.json
      hash: md5
      md5: 5c187f29f4ea47560288cb10d65f8450
      size: 128507
    - path: scores.json
      hash: md5
      md5: 5f2026faf56b87626bff527113fde2b4
      size: 71
